{
  "originHash" : "a4d921fda6d682d85456f52bb0ad22668b47de26e7c7ec64eb995e6c68766f4f",
  "pins" : [
    {
      "identity" : "dockprogress",
      "kind" : "remoteSourceControl",
      "location" : "https://github.com/sindresorhus/DockProgress",
      "state" : {
        "revision" : "43ca0137201a479fbd891b129155f4a84c1e1b13",
        "version" : "5.1.0"
      }
    },
    {
      "identity" : "pureappslicense",
      "kind" : "remoteSourceControl",
      "location" : "https://github.com/pureapps-dev/PureAppsLicense",
      "state" : {
        "revision" : "bc995e6726e5941530531df1d515a02db906dbd5",
        "version" : "1.0.0"
      }
    }
  ],
  "version" : 3
}
